{
  "pins" : [
    {
      "identity" : "synchronized",
      "kind" : "remoteSourceControl",
      "location" : "https://github.com/shareup/synchronized.git",
      "state" : {
        "revision" : "85653e23270ec88ae19f8d494157769487e34aed",
        "version" : "4.0.1"
      }
    }
  ],
  "version" : 2
}
